
Microsoft Visual Studio Solution File, Format Version 12.00
# Visual Studio 15
VisualStudioVersion = 15.0.27703.2047
MinimumVisualStudioVersion = 10.0.40219.1
Project("{FAE04EC0-301F-11D3-BF4B-00C04F79EFBC}") = "CoffeeShopApplication", "CoffeeShopApplication\CoffeeShopApplication.csproj", "{AEB7B010-BFE4-448E-9925-0098784F66E5}"
EndProject
Project("{FAE04EC0-301F-11D3-BF4B-00C04F79EFBC}") = "CoffeeShopApplication.Tests", "CoffeeShopApplication.Tests\CoffeeShopApplication.Tests.csproj", "{0C2E2467-23AC-4F37-8370-6DAAFD737B06}"
EndProject
Global
	GlobalSection(SolutionConfigurationPlatforms) = preSolution
		Debug|Any CPU = Debug|Any CPU
		Release|Any CPU = Release|Any CPU
	EndGlobalSection
	GlobalSection(ProjectConfigurationPlatforms) = postSolution
		{AEB7B010-BFE4-448E-9925-0098784F66E5}.Debug|Any CPU.ActiveCfg = Debug|Any CPU
		{AEB7B010-BFE4-448E-9925-0098784F66E5}.Debug|Any CPU.Build.0 = Debug|Any CPU
		{AEB7B010-BFE4-448E-9925-0098784F66E5}.Release|Any CPU.ActiveCfg = Release|Any CPU
		{AEB7B010-BFE4-448E-9925-0098784F66E5}.Release|Any CPU.Build.0 = Release|Any CPU
		{0C2E2467-23AC-4F37-8370-6DAAFD737B06}.Debug|Any CPU.ActiveCfg = Debug|Any CPU
		{0C2E2467-23AC-4F37-8370-6DAAFD737B06}.Debug|Any CPU.Build.0 = Debug|Any CPU
		{0C2E2467-23AC-4F37-8370-6DAAFD737B06}.Release|Any CPU.ActiveCfg = Release|Any CPU
		{0C2E2467-23AC-4F37-8370-6DAAFD737B06}.Release|Any CPU.Build.0 = Release|Any CPU
	EndGlobalSection
	GlobalSection(SolutionProperties) = preSolution
		HideSolutionNode = FALSE
	EndGlobalSection
	GlobalSection(ExtensibilityGlobals) = postSolution
		SolutionGuid = {5E320609-A933-4403-8796-7553D9C8DCEA}
	EndGlobalSection
EndGlobal
